// !$*UTF8*$!
{
	archiveVersion = 1;
	classes = {
	};
	objectVersion = 56;
	objects = {

/* Begin PBXBuildFile section */
		445585202C7CE9AB000DE562 /* trainingApp.swift in Sources */ = {isa = PBXBuildFile; fileRef = 4455851F2C7CE9AB000DE562 /* trainingApp.swift */; };
		445585222C7CE9AB000DE562 /* ContentView.swift in Sources */ = {isa = PBXBuildFile; fileRef = 445585212C7CE9AB000DE562 /* ContentView.swift */; };
		445585242C7CE9AF000DE562 /* Assets.xcassets in Resources */ = {isa = PBXBuildFile; fileRef = 445585232C7CE9AF000DE562 /* Assets.xcassets */; };
		445585282C7CE9AF000DE562 /* Preview Assets.xcassets in Resources */ = {isa = PBXBuildFile; fileRef = 445585272C7CE9AF000DE562 /* Preview Assets.xcassets */; };
		445585322C7CE9AF000DE562 /* trainingTests.swift in Sources */ = {isa = PBXBuildFile; fileRef = 445585312C7CE9AF000DE562 /* trainingTests.swift */; };
		4455853C2C7CE9AF000DE562 /* trainingUITests.swift in Sources */ = {isa = PBXBuildFile; fileRef = 4455853B2C7CE9AF000DE562 /* trainingUITests.swift */; };
		4455853E2C7CE9AF000DE562 /* trainingUITestsLaunchTests.swift in Sources */ = {isa = PBXBuildFile; fileRef = 4455853D2C7CE9AF000DE562 /* trainingUITestsLaunchTests.swift */; };
		4455854B2C7CEC05000DE562 /* ViewController.swift in Sources */ = {isa = PBXBuildFile; fileRef = 4455854A2C7CEC05000DE562 /* ViewController.swift */; };
/* End PBXBuildFile section */

/* Begin PBXContainerItemProxy section */
		4455852E2C7CE9AF000DE562 /* PBXContainerItemProxy */ = {
			isa = PBXContainerItemProxy;
			containerPortal = 445585142C7CE9AB000DE562 /* Project object */;
			proxyType = 1;
			remoteGlobalIDString = 4455851B2C7CE9AB000DE562;
			remoteInfo = training;
		};
		445585382C7CE9AF000DE562 /* PBXContainerItemProxy */ = {
			isa = PBXContainerItemProxy;
			containerPortal = 445585142C7CE9AB000DE562 /* Project object */;
			proxyType = 1;
			remoteGlobalIDString = 4455851B2C7CE9AB000DE562;
			remoteInfo = training;
		};
/* End PBXContainerItemProxy section */

/* Begin PBXFileReference section */
		4455851C2C7CE9AB000DE562 /* training.app */ = {isa = PBXFileReference; explicitFileType = wrapper.application; includeInIndex = 0; path = training.app; sourceTree = BUILT_PRODUCTS_DIR; };
		4455851F2C7CE9AB000DE562 /* trainingApp.swift */ = {isa = PBXFileReference; lastKnownFileType = sourcecode.swift; path = trainingApp.swift; sourceTree = "<group>"; };
		445585212C7CE9AB000DE562 /* ContentView.swift */ = {isa = PBXFileReference; lastKnownFileType = sourcecode.swift; path = ContentView.swift; sourceTree = "<group>"; };
		445585232C7CE9AF000DE562 /* Assets.xcassets */ = {isa = PBXFileReference; lastKnownFileType = folder.assetcatalog; path = Assets.xcassets; sourceTree = "<group>"; };
		445585252C7CE9AF000DE562 /* training.entitlements */ = {isa = PBXFileReference; lastKnownFileType = text.plist.entitlements; path = training.entitlements; sourceTree = "<group>"; };
		445585272C7CE9AF000DE562 /* Preview Assets.xcassets */ = {isa = PBXFileReference; lastKnownFileType = folder.assetcatalog; path = "Preview Assets.xcassets"; sourceTree = "<group>"; };
		4455852D2C7CE9AF000DE562 /* trainingTests.xctest */ = {isa = PBXFileReference; explicitFileType = wrapper.cfbundle; includeInIndex = 0; path = trainingTests.xctest; sourceTree = BUILT_PRODUCTS_DIR; };
		445585312C7CE9AF000DE562 /* trainingTests.swift */ = {isa = PBXFileReference; lastKnownFileType = sourcecode.swift; path = trainingTests.swift; sourceTree = "<group>"; };
		445585372C7CE9AF000DE562 /* trainingUITests.xctest */ = {isa = PBXFileReference; explicitFileType = wrapper.cfbundle; includeInIndex = 0; path = trainingUITests.xctest; sourceTree = BUILT_PRODUCTS_DIR; };
		4455853B2C7CE9AF000DE562 /* trainingUITests.swift */ = {isa = PBXFileReference; lastKnownFileType = sourcecode.swift; path = trainingUITests.swift; sourceTree = "<group>"; };
		4455853D2C7CE9AF000DE562 /* trainingUITestsLaunchTests.swift */ = {isa = PBXFileReference; lastKnownFileType = sourcecode.swift; path = trainingUITestsLaunchTests.swift; sourceTree = "<group>"; };
		4455854A2C7CEC05000DE562 /* ViewController.swift */ = {isa = PBXFileReference; lastKnownFileType = sourcecode.swift; path = ViewController.swift; sourceTree = "<group>"; };
/* End PBXFileReference section */

/* Begin PBXFrameworksBuildPhase section */
		445585192C7CE9AB000DE562 /* Frameworks */ = {
			isa = PBXFrameworksBuildPhase;
			buildActionMask = 2147483647;
			files = (
			);
			runOnlyForDeploymentPostprocessing = 0;
		};
		4455852A2C7CE9AF000DE562 /* Frameworks */ = {
			isa = PBXFrameworksBuildPhase;
			buildActionMask = 2147483647;
			files = (
			);
			runOnlyForDeploymentPostprocessing = 0;
		};
		445585342C7CE9AF000DE562 /* Frameworks */ = {
			isa = PBXFrameworksBuildPhase;
			buildActionMask = 2147483647;
			files = (
			);
			runOnlyForDeploymentPostprocessing = 0;
		};
/* End PBXFrameworksBuildPhase section */

/* Begin PBXGroup section */
		445585132C7CE9AB000DE562 = {
			isa = PBXGroup;
			children = (
				4455851E2C7CE9AB000DE562 /* training */,
				445585302C7CE9AF000DE562 /* trainingTests */,
				4455853A2C7CE9AF000DE562 /* trainingUITests */,
				4455851D2C7CE9AB000DE562 /* Products */,
			);
			sourceTree = "<group>";
		};
		4455851D2C7CE9AB000DE562 /* Products */ = {
			isa = PBXGroup;
			children = (
				4455851C2C7CE9AB000DE562 /* training.app */,
				4455852D2C7CE9AF000DE562 /* trainingTests.xctest */,
				445585372C7CE9AF000DE562 /* trainingUITests.xctest */,
			);
			name = Products;
			sourceTree = "<group>";
		};
		4455851E2C7CE9AB000DE562 /* training */ = {
			isa = PBXGroup;
			children = (
				4455851F2C7CE9AB000DE562 /* trainingApp.swift */,
				445585212C7CE9AB000DE562 /* ContentView.swift */,
				445585232C7CE9AF000DE562 /* Assets.xcassets */,
				445585252C7CE9AF000DE562 /* training.entitlements */,
				445585262C7CE9AF000DE562 /* Preview Content */,
				4455854A2C7CEC05000DE562 /* ViewController.swift */,
			);
			path = training;
			sourceTree = "<group>";
		};
		445585262C7CE9AF000DE562 /* Preview Content */ = {
			isa = PBXGroup;
			children = (
				445585272C7CE9AF000DE562 /* Preview Assets.xcassets */,
			);
			path = "Preview Content";
			sourceTree = "<group>";
		};
		445585302C7CE9AF000DE562 /* trainingTests */ = {
			isa = PBXGroup;
			children = (
				445585312C7CE9AF000DE562 /* trainingTests.swift */,
			);
			path = trainingTests;
			sourceTree = "<group>";
		};
		4455853A2C7CE9AF000DE562 /* trainingUITests */ = {
			isa = PBXGroup;
			children = (
				4455853B2C7CE9AF000DE562 /* trainingUITests.swift */,
				4455853D2C7CE9AF000DE562 /* trainingUITestsLaunchTests.swift */,
			);
			path = trainingUITests;
			sourceTree = "<group>";
		};
/* End PBXGroup section */

/* Begin PBXNativeTarget section */
		4455851B2C7CE9AB000DE562 /* training */ = {
			isa = PBXNativeTarget;
			buildConfigurationList = 445585412C7CE9AF000DE562 /* Build configuration list for PBXNativeTarget "training" */;
			buildPhases = (
				445585182C7CE9AB000DE562 /* Sources */,
				445585192C7CE9AB000DE562 /* Frameworks */,
				4455851A2C7CE9AB000DE562 /* Resources */,
			);
			buildRules = (
			);
			dependencies = (
			);
			name = training;
			productName = training;
			productReference = 4455851C2C7CE9AB000DE562 /* training.app */;
			productType = "com.apple.product-type.application";
		};
		4455852C2C7CE9AF000DE562 /* trainingTests */ = {
			isa = PBXNativeTarget;
			buildConfigurationList = 445585442C7CE9AF000DE562 /* Build configuration list for PBXNativeTarget "trainingTests" */;
			buildPhases = (
				445585292C7CE9AF000DE562 /* Sources */,
				4455852A2C7CE9AF000DE562 /* Frameworks */,
				4455852B2C7CE9AF000DE562 /* Resources */,
			);
			buildRules = (
			);
			dependencies = (
				4455852F2C7CE9AF000DE562 /* PBXTargetDependency */,
			);
			name = trainingTests;
			productName = trainingTests;
			productReference = 4455852D2C7CE9AF000DE562 /* trainingTests.xctest */;
			productType = "com.apple.product-type.bundle.unit-test";
		};
		445585362C7CE9AF000DE562 /* trainingUITests */ = {
			isa = PBXNativeTarget;
			buildConfigurationList = 445585472C7CE9AF000DE562 /* Build configuration list for PBXNativeTarget "trainingUITests" */;
			buildPhases = (
				445585332C7CE9AF000DE562 /* Sources */,
				445585342C7CE9AF000DE562 /* Frameworks */,
				445585352C7CE9AF000DE562 /* Resources */,
			);
			buildRules = (
			);
			dependencies = (
				445585392C7CE9AF000DE562 /* PBXTargetDependency */,
			);
			name = trainingUITests;
			productName = trainingUITests;
			productReference = 445585372C7CE9AF000DE562 /* trainingUITests.xctest */;
			productType = "com.apple.product-type.bundle.ui-testing";
		};
/* End PBXNativeTarget section */

/* Begin PBXProject section */
		445585142C7CE9AB000DE562 /* Project object */ = {
			isa = PBXProject;
			attributes = {
				BuildIndependentTargetsInParallel = 1;
				LastSwiftUpdateCheck = 1540;
				LastUpgradeCheck = 1540;
				TargetAttributes = {
					4455851B2C7CE9AB000DE562 = {
						CreatedOnToolsVersion = 15.4;
					};
					4455852C2C7CE9AF000DE562 = {
						CreatedOnToolsVersion = 15.4;
						TestTargetID = 4455851B2C7CE9AB000DE562;
					};
					445585362C7CE9AF000DE562 = {
						CreatedOnToolsVersion = 15.4;
						TestTargetID = 4455851B2C7CE9AB000DE562;
					};
				};
			};
			buildConfigurationList = 445585172C7CE9AB000DE562 /* Build configuration list for PBXProject "training" */;
			compatibilityVersion = "Xcode 14.0";
			developmentRegion = en;
			hasScannedForEncodings = 0;
			knownRegions = (
				en,
				Base,
			);
			mainGroup = 445585132C7CE9AB000DE562;
			productRefGroup = 4455851D2C7CE9AB000DE562 /* Products */;
			projectDirPath = "";
			projectRoot = "";
			targets = (
				4455851B2C7CE9AB000DE562 /* training */,
				4455852C2C7CE9AF000DE562 /* trainingTests */,
				445585362C7CE9AF000DE562 /* trainingUITests */,
			);
		};
/* End PBXProject section */

/* Begin PBXResourcesBuildPhase section */
		4455851A2C7CE9AB000DE562 /* Resources */ = {
			isa = PBXResourcesBuildPhase;
			buildActionMask = 2147483647;
			files = (
				445585282C7CE9AF000DE562 /* Preview Assets.xcassets in Resources */,
				445585242C7CE9AF000DE562 /* Assets.xcassets in Resources */,
			);
			runOnlyForDeploymentPostprocessing = 0;
		};
		4455852B2C7CE9AF000DE562 /* Resources */ = {
			isa = PBXResourcesBuildPhase;
			buildActionMask = 2147483647;
			files = (
			);
			runOnlyForDeploymentPostprocessing = 0;
		};
		445585352C7CE9AF000DE562 /* Resources */ = {
			isa = PBXResourcesBuildPhase;
			buildActionMask = 2147483647;
			files = (
			);
			runOnlyForDeploymentPostprocessing = 0;
		};
/* End PBXResourcesBuildPhase section */

/* Begin PBXSourcesBuildPhase section */
		445585182C7CE9AB000DE562 /* Sources */ = {
			isa = PBXSourcesBuildPhase;
			buildActionMask = 2147483647;
			files = (
				4455854B2C7CEC05000DE562 /* ViewController.swift in Sources */,
				445585222C7CE9AB000DE562 /* ContentView.swift in Sources */,
				445585202C7CE9AB000DE562 /* trainingApp.swift in Sources */,
			);
			runOnlyForDeploymentPostprocessing = 0;
		};
		445585292C7CE9AF000DE562 /* Sources */ = {
			isa = PBXSourcesBuildPhase;
			buildActionMask = 2147483647;
			files = (
				445585322C7CE9AF000DE562 /* trainingTests.swift in Sources */,
			);
			runOnlyForDeploymentPostprocessing = 0;
		};
		445585332C7CE9AF000DE562 /* Sources */ = {
			isa = PBXSourcesBuildPhase;
			buildActionMask = 2147483647;
			files = (
				4455853E2C7CE9AF000DE562 /* trainingUITestsLaunchTests.swift in Sources */,
				4455853C2C7CE9AF000DE562 /* trainingUITests.swift in Sources */,
			);
			runOnlyForDeploymentPostprocessing = 0;
		};
/* End PBXSourcesBuildPhase section */

/* Begin PBXTargetDependency section */
		4455852F2C7CE9AF000DE562 /* PBXTargetDependency */ = {
			isa = PBXTargetDependency;
			target = 4455851B2C7CE9AB000DE562 /* training */;
			targetProxy = 4455852E2C7CE9AF000DE562 /* PBXContainerItemProxy */;
		};
		445585392C7CE9AF000DE562 /* PBXTargetDependency */ = {
			isa = PBXTargetDependency;
			target = 4455851B2C7CE9AB000DE562 /* training */;
			targetProxy = 445585382C7CE9AF000DE562 /* PBXContainerItemProxy */;
		};
/* End PBXTargetDependency section */

/* Begin XCBuildConfiguration section */
		4455853F2C7CE9AF000DE562 /* Debug */ = {
			isa = XCBuildConfiguration;
			buildSettings = {
				ALWAYS_SEARCH_USER_PATHS = NO;
				ASSETCATALOG_COMPILER_GENERATE_SWIFT_ASSET_SYMBOL_EXTENSIONS = YES;
				CLANG_ANALYZER_NONNULL = YES;
				CLANG_ANALYZER_NUMBER_OBJECT_CONVERSION = YES_AGGRESSIVE;
				CLANG_CXX_LANGUAGE_STANDARD = "gnu++20";
				CLANG_ENABLE_MODULES = YES;
				CLANG_ENABLE_OBJC_ARC = YES;
				CLANG_ENABLE_OBJC_WEAK = YES;
				CLANG_WARN_BLOCK_CAPTURE_AUTORELEASING = YES;
				CLANG_WARN_BOOL_CONVERSION = YES;
				CLANG_WARN_COMMA = YES;
				CLANG_WARN_CONSTANT_CONVERSION = YES;
				CLANG_WARN_DEPRECATED_OBJC_IMPLEMENTATIONS = YES;
				CLANG_WARN_DIRECT_OBJC_ISA_USAGE = YES_ERROR;
				CLANG_WARN_DOCUMENTATION_COMMENTS = YES;
				CLANG_WARN_EMPTY_BODY = YES;
				CLANG_WARN_ENUM_CONVERSION = YES;
				CLANG_WARN_INFINITE_RECURSION = YES;
				CLANG_WARN_INT_CONVERSION = YES;
				CLANG_WARN_NON_LITERAL_NULL_CONVERSION = YES;
				CLANG_WARN_OBJC_IMPLICIT_RETAIN_SELF = YES;
				CLANG_WARN_OBJC_LITERAL_CONVERSION = YES;
				CLANG_WARN_OBJC_ROOT_CLASS = YES_ERROR;
				CLANG_WARN_QUOTED_INCLUDE_IN_FRAMEWORK_HEADER = YES;
				CLANG_WARN_RANGE_LOOP_ANALYSIS = YES;
				CLANG_WARN_STRICT_PROTOTYPES = YES;
				CLANG_WARN_SUSPICIOUS_MOVE = YES;
				CLANG_WARN_UNGUARDED_AVAILABILITY = YES_AGGRESSIVE;
				CLANG_WARN_UNREACHABLE_CODE = YES;
				CLANG_WARN__DUPLICATE_METHOD_MATCH = YES;
				COPY_PHASE_STRIP = NO;
				DEBUG_INFORMATION_FORMAT = dwarf;
				ENABLE_STRICT_OBJC_MSGSEND = YES;
				ENABLE_TESTABILITY = YES;
				ENABLE_USER_SCRIPT_SANDBOXING = YES;
				GCC_C_LANGUAGE_STANDARD = gnu17;
				GCC_DYNAMIC_NO_PIC = NO;
				GCC_NO_COMMON_BLOCKS = YES;
				GCC_OPTIMIZATION_LEVEL = 0;
				GCC_PREPROCESSOR_DEFINITIONS = (
					"DEBUG=1",
					"$(inherited)",
				);
				GCC_WARN_64_TO_32_BIT_CONVERSION = YES;
				GCC_WARN_ABOUT_RETURN_TYPE = YES_ERROR;
				GCC_WARN_UNDECLARED_SELECTOR = YES;
				GCC_WARN_UNINITIALIZED_AUTOS = YES_AGGRESSIVE;
				GCC_WARN_UNUSED_FUNCTION = YES;
				GCC_WARN_UNUSED_VARIABLE = YES;
				LOCALIZATION_PREFERS_STRING_CATALOGS = YES;
				MTL_ENABLE_DEBUG_INFO = INCLUDE_SOURCE;
				MTL_FAST_MATH = YES;
				ONLY_ACTIVE_ARCH = YES;
				SWIFT_ACTIVE_COMPILATION_CONDITIONS = "DEBUG $(inherited)";
				SWIFT_OPTIMIZATION_LEVEL = "-Onone";
			};
			name = Debug;
		};
		445585402C7CE9AF000DE562 /* Release */ = {
			isa = XCBuildConfiguration;
			buildSettings = {
				ALWAYS_SEARCH_USER_PATHS = NO;
				ASSETCATALOG_COMPILER_GENERATE_SWIFT_ASSET_SYMBOL_EXTENSIONS = YES;
				CLANG_ANALYZER_NONNULL = YES;
				CLANG_ANALYZER_NUMBER_OBJECT_CONVERSION = YES_AGGRESSIVE;
				CLANG_CXX_LANGUAGE_STANDARD = "gnu++20";
				CLANG_ENABLE_MODULES = YES;
				CLANG_ENABLE_OBJC_ARC = YES;
				CLANG_ENABLE_OBJC_WEAK = YES;
				CLANG_WARN_BLOCK_CAPTURE_AUTORELEASING = YES;
				CLANG_WARN_BOOL_CONVERSION = YES;
				CLANG_WARN_COMMA = YES;
				CLANG_WARN_CONSTANT_CONVERSION = YES;
				CLANG_WARN_DEPRECATED_OBJC_IMPLEMENTATIONS = YES;
				CLANG_WARN_DIRECT_OBJC_ISA_USAGE = YES_ERROR;
				CLANG_WARN_DOCUMENTATION_COMMENTS = YES;
				CLANG_WARN_EMPTY_BODY = YES;
				CLANG_WARN_ENUM_CONVERSION = YES;
				CLANG_WARN_INFINITE_RECURSION = YES;
				CLANG_WARN_INT_CONVERSION = YES;
				CLANG_WARN_NON_LITERAL_NULL_CONVERSION = YES;
				CLANG_WARN_OBJC_IMPLICIT_RETAIN_SELF = YES;
				CLANG_WARN_OBJC_LITERAL_CONVERSION = YES;
				CLANG_WARN_OBJC_ROOT_CLASS = YES_ERROR;
				CLANG_WARN_QUOTED_INCLUDE_IN_FRAMEWORK_HEADER = YES;
				CLANG_WARN_RANGE_LOOP_ANALYSIS = YES;
				CLANG_WARN_STRICT_PROTOTYPES = YES;
				CLANG_WARN_SUSPICIOUS_MOVE = YES;
				CLANG_WARN_UNGUARDED_AVAILABILITY = YES_AGGRESSIVE;
				CLANG_WARN_UNREACHABLE_CODE = YES;
				CLANG_WARN__DUPLICATE_METHOD_MATCH = YES;
				COPY_PHASE_STRIP = NO;
				DEBUG_INFORMATION_FORMAT = "dwarf-with-dsym";
				ENABLE_NS_ASSERTIONS = NO;
				ENABLE_STRICT_OBJC_MSGSEND = YES;
				ENABLE_USER_SCRIPT_SANDBOXING = YES;
				GCC_C_LANGUAGE_STANDARD = gnu17;
				GCC_NO_COMMON_BLOCKS = YES;
				GCC_WARN_64_TO_32_BIT_CONVERSION = YES;
				GCC_WARN_ABOUT_RETURN_TYPE = YES_ERROR;
				GCC_WARN_UNDECLARED_SELECTOR = YES;
				GCC_WARN_UNINITIALIZED_AUTOS = YES_AGGRESSIVE;
				GCC_WARN_UNUSED_FUNCTION = YES;
				GCC_WARN_UNUSED_VARIABLE = YES;
				LOCALIZATION_PREFERS_STRING_CATALOGS = YES;
				MTL_ENABLE_DEBUG_INFO = NO;
				MTL_FAST_MATH = YES;
				SWIFT_COMPILATION_MODE = wholemodule;
			};
			name = Release;
		};
		445585422C7CE9AF000DE562 /* Debug */ = {
			isa = XCBuildConfiguration;
			buildSettings = {
				ASSETCATALOG_COMPILER_APPICON_NAME = AppIcon;
				ASSETCATALOG_COMPILER_GLOBAL_ACCENT_COLOR_NAME = AccentColor;
				CODE_SIGN_ENTITLEMENTS = training/training.entitlements;
				CODE_SIGN_STYLE = Automatic;
				CURRENT_PROJECT_VERSION = 1;
				DEVELOPMENT_ASSET_PATHS = "\"training/Preview Content\"";
				ENABLE_PREVIEWS = YES;
				GENERATE_INFOPLIST_FILE = YES;
				"INFOPLIST_KEY_UIApplicationSceneManifest_Generation[sdk=iphoneos*]" = YES;
				"INFOPLIST_KEY_UIApplicationSceneManifest_Generation[sdk=iphonesimulator*]" = YES;
				"INFOPLIST_KEY_UIApplicationSupportsIndirectInputEvents[sdk=iphoneos*]" = YES;
				"INFOPLIST_KEY_UIApplicationSupportsIndirectInputEvents[sdk=iphonesimulator*]" = YES;
				"INFOPLIST_KEY_UILaunchScreen_Generation[sdk=iphoneos*]" = YES;
				"INFOPLIST_KEY_UILaunchScreen_Generation[sdk=iphonesimulator*]" = YES;
				"INFOPLIST_KEY_UIStatusBarStyle[sdk=iphoneos*]" = UIStatusBarStyleDefault;
				"INFOPLIST_KEY_UIStatusBarStyle[sdk=iphonesimulator*]" = UIStatusBarStyleDefault;
				INFOPLIST_KEY_UISupportedInterfaceOrientations_iPad = "UIInterfaceOrientationPortrait UIInterfaceOrientationPortraitUpsideDown UIInterfaceOrientationLandscapeLeft UIInterfaceOrientationLandscapeRight";
				INFOPLIST_KEY_UISupportedInterfaceOrientations_iPhone = "UIInterfaceOrientationPortrait UIInterfaceOrientationLandscapeLeft UIInterfaceOrientationLandscapeRight";
				IPHONEOS_DEPLOYMENT_TARGET = 17.5;
				LD_RUNPATH_SEARCH_PATHS = "@executable_path/Frameworks";
				"LD_RUNPATH_SEARCH_PATHS[sdk=macosx*]" = "@executable_path/../Frameworks";
				MACOSX_DEPLOYMENT_TARGET = 14.4;
				MARKETING_VERSION = 1.0;
				PRODUCT_BUNDLE_IDENTIFIER = toto.training;
				PRODUCT_NAME = "$(TARGET_NAME)";
				SDKROOT = auto;
				SUPPORTED_PLATFORMS = "iphoneos iphonesimulator macosx";
				SWIFT_EMIT_LOC_STRINGS = YES;
				SWIFT_VERSION = 5.0;
				TARGETED_DEVICE_FAMILY = "1,2";
			};
			name = Debug;
		};
		445585432C7CE9AF000DE562 /* Release */ = {
			isa = XCBuildConfiguration;
			buildSettings = {
				ASSETCATALOG_COMPILER_APPICON_NAME = AppIcon;
				ASSETCATALOG_COMPILER_GLOBAL_ACCENT_COLOR_NAME = AccentColor;
				CODE_SIGN_ENTITLEMENTS = training/training.entitlements;
				CODE_SIGN_STYLE = Automatic;
				CURRENT_PROJECT_VERSION = 1;
				DEVELOPMENT_ASSET_PATHS = "\"training/Preview Content\"";
				ENABLE_PREVIEWS = YES;
				GENERATE_INFOPLIST_FILE = YES;
				"INFOPLIST_KEY_UIApplicationSceneManifest_Generation[sdk=iphoneos*]" = YES;
				"INFOPLIST_KEY_UIApplicationSceneManifest_Generation[sdk=iphonesimulator*]" = YES;
				"INFOPLIST_KEY_UIApplicationSupportsIndirectInputEvents[sdk=iphoneos*]" = YES;
				"INFOPLIST_KEY_UIApplicationSupportsIndirectInputEvents[sdk=iphonesimulator*]" = YES;
				"INFOPLIST_KEY_UILaunchScreen_Generation[sdk=iphoneos*]" = YES;
				"INFOPLIST_KEY_UILaunchScreen_Generation[sdk=iphonesimulator*]" = YES;
				"INFOPLIST_KEY_UIStatusBarStyle[sdk=iphoneos*]" = UIStatusBarStyleDefault;
				"INFOPLIST_KEY_UIStatusBarStyle[sdk=iphonesimulator*]" = UIStatusBarStyleDefault;
				INFOPLIST_KEY_UISupportedInterfaceOrientations_iPad = "UIInterfaceOrientationPortrait UIInterfaceOrientationPortraitUpsideDown UIInterfaceOrientationLandscapeLeft UIInterfaceOrientationLandscapeRight";
				INFOPLIST_KEY_UISupportedInterfaceOrientations_iPhone = "UIInterfaceOrientationPortrait UIInterfaceOrientationLandscapeLeft UIInterfaceOrientationLandscapeRight";
				IPHONEOS_DEPLOYMENT_TARGET = 17.5;
				LD_RUNPATH_SEARCH_PATHS = "@executable_path/Frameworks";
				"LD_RUNPATH_SEARCH_PATHS[sdk=macosx*]" = "@executable_path/../Frameworks";
				MACOSX_DEPLOYMENT_TARGET = 14.4;
				MARKETING_VERSION = 1.0;
				PRODUCT_BUNDLE_IDENTIFIER = toto.training;
				PRODUCT_NAME = "$(TARGET_NAME)";
				SDKROOT = auto;
				SUPPORTED_PLATFORMS = "iphoneos iphonesimulator macosx";
				SWIFT_EMIT_LOC_STRINGS = YES;
				SWIFT_VERSION = 5.0;
				TARGETED_DEVICE_FAMILY = "1,2";
			};
			name = Release;
		};
		445585452C7CE9AF000DE562 /* Debug */ = {
			isa = XCBuildConfiguration;
			buildSettings = {
				ALWAYS_EMBED_SWIFT_STANDARD_LIBRARIES = YES;
				BUNDLE_LOADER = "$(TEST_HOST)";
				CODE_SIGN_STYLE = Automatic;
				CURRENT_PROJECT_VERSION = 1;
				GENERATE_INFOPLIST_FILE = YES;
				IPHONEOS_DEPLOYMENT_TARGET = 17.5;
				MACOSX_DEPLOYMENT_TARGET = 14.4;
				MARKETING_VERSION = 1.0;
				PRODUCT_BUNDLE_IDENTIFIER = toto.trainingTests;
				PRODUCT_NAME = "$(TARGET_NAME)";
				SDKROOT = auto;
				SUPPORTED_PLATFORMS = "iphoneos iphonesimulator macosx";
				SWIFT_EMIT_LOC_STRINGS = NO;
				SWIFT_VERSION = 5.0;
				TARGETED_DEVICE_FAMILY = "1,2";
				TEST_HOST = "$(BUILT_PRODUCTS_DIR)/training.app/$(BUNDLE_EXECUTABLE_FOLDER_PATH)/training";
			};
			name = Debug;
		};
		445585462C7CE9AF000DE562 /* Release */ = {
			isa = XCBuildConfiguration;
			buildSettings = {
				ALWAYS_EMBED_SWIFT_STANDARD_LIBRARIES = YES;
				BUNDLE_LOADER = "$(TEST_HOST)";
				CODE_SIGN_STYLE = Automatic;
				CURRENT_PROJECT_VERSION = 1;
				GENERATE_INFOPLIST_FILE = YES;
				IPHONEOS_DEPLOYMENT_TARGET = 17.5;
				MACOSX_DEPLOYMENT_TARGET = 14.4;
				MARKETING_VERSION = 1.0;
				PRODUCT_BUNDLE_IDENTIFIER = toto.trainingTests;
				PRODUCT_NAME = "$(TARGET_NAME)";
				SDKROOT = auto;
				SUPPORTED_PLATFORMS = "iphoneos iphonesimulator macosx";
				SWIFT_EMIT_LOC_STRINGS = NO;
				SWIFT_VERSION = 5.0;
				TARGETED_DEVICE_FAMILY = "1,2";
				TEST_HOST = "$(BUILT_PRODUCTS_DIR)/training.app/$(BUNDLE_EXECUTABLE_FOLDER_PATH)/training";
			};
			name = Release;
		};
		445585482C7CE9AF000DE562 /* Debug */ = {
			isa = XCBuildConfiguration;
			buildSettings = {
				ALWAYS_EMBED_SWIFT_STANDARD_LIBRARIES = YES;
				CODE_SIGN_STYLE = Automatic;
				CURRENT_PROJECT_VERSION = 1;
				GENERATE_INFOPLIST_FILE = YES;
				IPHONEOS_DEPLOYMENT_TARGET = 17.5;
				MACOSX_DEPLOYMENT_TARGET = 14.4;
				MARKETING_VERSION = 1.0;
				PRODUCT_BUNDLE_IDENTIFIER = toto.trainingUITests;
				PRODUCT_NAME = "$(TARGET_NAME)";
				SDKROOT = auto;
				SUPPORTED_PLATFORMS = "iphoneos iphonesimulator macosx";
				SWIFT_EMIT_LOC_STRINGS = NO;
				SWIFT_VERSION = 5.0;
				TARGETED_DEVICE_FAMILY = "1,2";
				TEST_TARGET_NAME = training;
			};
			name = Debug;
		};
		445585492C7CE9AF000DE562 /* Release */ = {
			isa = XCBuildConfiguration;
			buildSettings = {
				ALWAYS_EMBED_SWIFT_STANDARD_LIBRARIES = YES;
				CODE_SIGN_STYLE = Automatic;
				CURRENT_PROJECT_VERSION = 1;
				GENERATE_INFOPLIST_FILE = YES;
				IPHONEOS_DEPLOYMENT_TARGET = 17.5;
				MACOSX_DEPLOYMENT_TARGET = 14.4;
				MARKETING_VERSION = 1.0;
				PRODUCT_BUNDLE_IDENTIFIER = toto.trainingUITests;
				PRODUCT_NAME = "$(TARGET_NAME)";
				SDKROOT = auto;
				SUPPORTED_PLATFORMS = "iphoneos iphonesimulator macosx";
				SWIFT_EMIT_LOC_STRINGS = NO;
				SWIFT_VERSION = 5.0;
				TARGETED_DEVICE_FAMILY = "1,2";
				TEST_TARGET_NAME = training;
			};
			name = Release;
		};
/* End XCBuildConfiguration section */

/* Begin XCConfigurationList section */
		445585172C7CE9AB000DE562 /* Build configuration list for PBXProject "training" */ = {
			isa = XCConfigurationList;
			buildConfigurations = (
				4455853F2C7CE9AF000DE562 /* Debug */,
				445585402C7CE9AF000DE562 /* Release */,
			);
			defaultConfigurationIsVisible = 0;
			defaultConfigurationName = Release;
		};
		445585412C7CE9AF000DE562 /* Build configuration list for PBXNativeTarget "training" */ = {
			isa = XCConfigurationList;
			buildConfigurations = (
				445585422C7CE9AF000DE562 /* Debug */,
				445585432C7CE9AF000DE562 /* Release */,
			);
			defaultConfigurationIsVisible = 0;
			defaultConfigurationName = Release;
		};
		445585442C7CE9AF000DE562 /* Build configuration list for PBXNativeTarget "trainingTests" */ = {
			isa = XCConfigurationList;
			buildConfigurations = (
				445585452C7CE9AF000DE562 /* Debug */,
				445585462C7CE9AF000DE562 /* Release */,
			);
			defaultConfigurationIsVisible = 0;
			defaultConfigurationName = Release;
		};
		445585472C7CE9AF000DE562 /* Build configuration list for PBXNativeTarget "trainingUITests" */ = {
			isa = XCConfigurationList;
			buildConfigurations = (
				445585482C7CE9AF000DE562 /* Debug */,
				445585492C7CE9AF000DE562 /* Release */,
			);
			defaultConfigurationIsVisible = 0;
			defaultConfigurationName = Release;
		};
/* End XCConfigurationList section */
	};
	rootObject = 445585142C7CE9AB000DE562 /* Project object */;
}
