// !$*UTF8*$!
{
	archiveVersion = 1;
	classes = {
	};
	objectVersion = 56;
	objects = {

/* Begin PBXBuildFile section */
		44B4E9202C7E6660006FE9D8 /* AppDelegate.swift in Sources */ = {isa = PBXBuildFile; fileRef = 44B4E91F2C7E6660006FE9D8 /* AppDelegate.swift */; };
		44B4E9222C7E6660006FE9D8 /* GameScene.sks in Resources */ = {isa = PBXBuildFile; fileRef = 44B4E9212C7E6660006FE9D8 /* GameScene.sks */; };
		44B4E9242C7E6660006FE9D8 /* Actions.sks in Resources */ = {isa = PBXBuildFile; fileRef = 44B4E9232C7E6660006FE9D8 /* Actions.sks */; };
		44B4E9262C7E6660006FE9D8 /* GameScene.swift in Sources */ = {isa = PBXBuildFile; fileRef = 44B4E9252C7E6660006FE9D8 /* GameScene.swift */; };
		44B4E9282C7E6660006FE9D8 /* GameViewController.swift in Sources */ = {isa = PBXBuildFile; fileRef = 44B4E9272C7E6660006FE9D8 /* GameViewController.swift */; };
		44B4E92B2C7E6660006FE9D8 /* Base in Resources */ = {isa = PBXBuildFile; fileRef = 44B4E92A2C7E6660006FE9D8 /* Base */; };
		44B4E92D2C7E6663006FE9D8 /* Assets.xcassets in Resources */ = {isa = PBXBuildFile; fileRef = 44B4E92C2C7E6663006FE9D8 /* Assets.xcassets */; };
		44B4E9302C7E6663006FE9D8 /* Base in Resources */ = {isa = PBXBuildFile; fileRef = 44B4E92F2C7E6663006FE9D8 /* Base */; };
		44B4E93A2C7E6664006FE9D8 /* yournameAppTests.swift in Sources */ = {isa = PBXBuildFile; fileRef = 44B4E9392C7E6664006FE9D8 /* yournameAppTests.swift */; };
		44B4E9442C7E6664006FE9D8 /* yournameAppUITests.swift in Sources */ = {isa = PBXBuildFile; fileRef = 44B4E9432C7E6664006FE9D8 /* yournameAppUITests.swift */; };
		44B4E9462C7E6664006FE9D8 /* yournameAppUITestsLaunchTests.swift in Sources */ = {isa = PBXBuildFile; fileRef = 44B4E9452C7E6664006FE9D8 /* yournameAppUITestsLaunchTests.swift */; };
/* End PBXBuildFile section */

/* Begin PBXContainerItemProxy section */
		44B4E9362C7E6664006FE9D8 /* PBXContainerItemProxy */ = {
			isa = PBXContainerItemProxy;
			containerPortal = 44B4E9142C7E6660006FE9D8 /* Project object */;
			proxyType = 1;
			remoteGlobalIDString = 44B4E91B2C7E6660006FE9D8;
			remoteInfo = yournameApp;
		};
		44B4E9402C7E6664006FE9D8 /* PBXContainerItemProxy */ = {
			isa = PBXContainerItemProxy;
			containerPortal = 44B4E9142C7E6660006FE9D8 /* Project object */;
			proxyType = 1;
			remoteGlobalIDString = 44B4E91B2C7E6660006FE9D8;
			remoteInfo = yournameApp;
		};
/* End PBXContainerItemProxy section */

/* Begin PBXFileReference section */
		44B4E91C2C7E6660006FE9D8 /* yournameApp.app */ = {isa = PBXFileReference; explicitFileType = wrapper.application; includeInIndex = 0; path = yournameApp.app; sourceTree = BUILT_PRODUCTS_DIR; };
		44B4E91F2C7E6660006FE9D8 /* AppDelegate.swift */ = {isa = PBXFileReference; lastKnownFileType = sourcecode.swift; path = AppDelegate.swift; sourceTree = "<group>"; };
		44B4E9212C7E6660006FE9D8 /* GameScene.sks */ = {isa = PBXFileReference; lastKnownFileType = file.sks; path = GameScene.sks; sourceTree = "<group>"; };
		44B4E9232C7E6660006FE9D8 /* Actions.sks */ = {isa = PBXFileReference; lastKnownFileType = file.sks; path = Actions.sks; sourceTree = "<group>"; };
		44B4E9252C7E6660006FE9D8 /* GameScene.swift */ = {isa = PBXFileReference; lastKnownFileType = sourcecode.swift; path = GameScene.swift; sourceTree = "<group>"; };
		44B4E9272C7E6660006FE9D8 /* GameViewController.swift */ = {isa = PBXFileReference; lastKnownFileType = sourcecode.swift; path = GameViewController.swift; sourceTree = "<group>"; };
		44B4E92A2C7E6660006FE9D8 /* Base */ = {isa = PBXFileReference; lastKnownFileType = file.storyboard; name = Base; path = Base.lproj/Main.storyboard; sourceTree = "<group>"; };
		44B4E92C2C7E6663006FE9D8 /* Assets.xcassets */ = {isa = PBXFileReference; lastKnownFileType = folder.assetcatalog; path = Assets.xcassets; sourceTree = "<group>"; };
		44B4E92F2C7E6663006FE9D8 /* Base */ = {isa = PBXFileReference; lastKnownFileType = file.storyboard; name = Base; path = Base.lproj/LaunchScreen.storyboard; sourceTree = "<group>"; };
		44B4E9352C7E6664006FE9D8 /* yournameAppTests.xctest */ = {isa = PBXFileReference; explicitFileType = wrapper.cfbundle; includeInIndex = 0; path = yournameAppTests.xctest; sourceTree = BUILT_PRODUCTS_DIR; };
		44B4E9392C7E6664006FE9D8 /* yournameAppTests.swift */ = {isa = PBXFileReference; lastKnownFileType = sourcecode.swift; path = yournameAppTests.swift; sourceTree = "<group>"; };
		44B4E93F2C7E6664006FE9D8 /* yournameAppUITests.xctest */ = {isa = PBXFileReference; explicitFileType = wrapper.cfbundle; includeInIndex = 0; path = yournameAppUITests.xctest; sourceTree = BUILT_PRODUCTS_DIR; };
		44B4E9432C7E6664006FE9D8 /* yournameAppUITests.swift */ = {isa = PBXFileReference; lastKnownFileType = sourcecode.swift; path = yournameAppUITests.swift; sourceTree = "<group>"; };
		44B4E9452C7E6664006FE9D8 /* yournameAppUITestsLaunchTests.swift */ = {isa = PBXFileReference; lastKnownFileType = sourcecode.swift; path = yournameAppUITestsLaunchTests.swift; sourceTree = "<group>"; };
/* End PBXFileReference section */

/* Begin PBXFrameworksBuildPhase section */
		44B4E9192C7E6660006FE9D8 /* Frameworks */ = {
			isa = PBXFrameworksBuildPhase;
			buildActionMask = 2147483647;
			files = (
			);
			runOnlyForDeploymentPostprocessing = 0;
		};
		44B4E9322C7E6664006FE9D8 /* Frameworks */ = {
			isa = PBXFrameworksBuildPhase;
			buildActionMask = 2147483647;
			files = (
			);
			runOnlyForDeploymentPostprocessing = 0;
		};
		44B4E93C2C7E6664006FE9D8 /* Frameworks */ = {
			isa = PBXFrameworksBuildPhase;
			buildActionMask = 2147483647;
			files = (
			);
			runOnlyForDeploymentPostprocessing = 0;
		};
/* End PBXFrameworksBuildPhase section */

/* Begin PBXGroup section */
		44B4E9132C7E6660006FE9D8 = {
			isa = PBXGroup;
			children = (
				44B4E91E2C7E6660006FE9D8 /* yournameApp */,
				44B4E9382C7E6664006FE9D8 /* yournameAppTests */,
				44B4E9422C7E6664006FE9D8 /* yournameAppUITests */,
				44B4E91D2C7E6660006FE9D8 /* Products */,
			);
			sourceTree = "<group>";
		};
		44B4E91D2C7E6660006FE9D8 /* Products */ = {
			isa = PBXGroup;
			children = (
				44B4E91C2C7E6660006FE9D8 /* yournameApp.app */,
				44B4E9352C7E6664006FE9D8 /* yournameAppTests.xctest */,
				44B4E93F2C7E6664006FE9D8 /* yournameAppUITests.xctest */,
			);
			name = Products;
			sourceTree = "<group>";
		};
		44B4E91E2C7E6660006FE9D8 /* yournameApp */ = {
			isa = PBXGroup;
			children = (
				44B4E91F2C7E6660006FE9D8 /* AppDelegate.swift */,
				44B4E9212C7E6660006FE9D8 /* GameScene.sks */,
				44B4E9232C7E6660006FE9D8 /* Actions.sks */,
				44B4E9252C7E6660006FE9D8 /* GameScene.swift */,
				44B4E9272C7E6660006FE9D8 /* GameViewController.swift */,
				44B4E9292C7E6660006FE9D8 /* Main.storyboard */,
				44B4E92C2C7E6663006FE9D8 /* Assets.xcassets */,
				44B4E92E2C7E6663006FE9D8 /* LaunchScreen.storyboard */,
			);
			path = yournameApp;
			sourceTree = "<group>";
		};
		44B4E9382C7E6664006FE9D8 /* yournameAppTests */ = {
			isa = PBXGroup;
			children = (
				44B4E9392C7E6664006FE9D8 /* yournameAppTests.swift */,
			);
			path = yournameAppTests;
			sourceTree = "<group>";
		};
		44B4E9422C7E6664006FE9D8 /* yournameAppUITests */ = {
			isa = PBXGroup;
			children = (
				44B4E9432C7E6664006FE9D8 /* yournameAppUITests.swift */,
				44B4E9452C7E6664006FE9D8 /* yournameAppUITestsLaunchTests.swift */,
			);
			path = yournameAppUITests;
			sourceTree = "<group>";
		};
/* End PBXGroup section */

/* Begin PBXNativeTarget section */
		44B4E91B2C7E6660006FE9D8 /* yournameApp */ = {
			isa = PBXNativeTarget;
			buildConfigurationList = 44B4E9492C7E6664006FE9D8 /* Build configuration list for PBXNativeTarget "yournameApp" */;
			buildPhases = (
				44B4E9182C7E6660006FE9D8 /* Sources */,
				44B4E9192C7E6660006FE9D8 /* Frameworks */,
				44B4E91A2C7E6660006FE9D8 /* Resources */,
			);
			buildRules = (
			);
			dependencies = (
			);
			name = yournameApp;
			productName = yournameApp;
			productReference = 44B4E91C2C7E6660006FE9D8 /* yournameApp.app */;
			productType = "com.apple.product-type.application";
		};
		44B4E9342C7E6664006FE9D8 /* yournameAppTests */ = {
			isa = PBXNativeTarget;
			buildConfigurationList = 44B4E94C2C7E6664006FE9D8 /* Build configuration list for PBXNativeTarget "yournameAppTests" */;
			buildPhases = (
				44B4E9312C7E6664006FE9D8 /* Sources */,
				44B4E9322C7E6664006FE9D8 /* Frameworks */,
				44B4E9332C7E6664006FE9D8 /* Resources */,
			);
			buildRules = (
			);
			dependencies = (
				44B4E9372C7E6664006FE9D8 /* PBXTargetDependency */,
			);
			name = yournameAppTests;
			productName = yournameAppTests;
			productReference = 44B4E9352C7E6664006FE9D8 /* yournameAppTests.xctest */;
			productType = "com.apple.product-type.bundle.unit-test";
		};
		44B4E93E2C7E6664006FE9D8 /* yournameAppUITests */ = {
			isa = PBXNativeTarget;
			buildConfigurationList = 44B4E94F2C7E6664006FE9D8 /* Build configuration list for PBXNativeTarget "yournameAppUITests" */;
			buildPhases = (
				44B4E93B2C7E6664006FE9D8 /* Sources */,
				44B4E93C2C7E6664006FE9D8 /* Frameworks */,
				44B4E93D2C7E6664006FE9D8 /* Resources */,
			);
			buildRules = (
			);
			dependencies = (
				44B4E9412C7E6664006FE9D8 /* PBXTargetDependency */,
			);
			name = yournameAppUITests;
			productName = yournameAppUITests;
			productReference = 44B4E93F2C7E6664006FE9D8 /* yournameAppUITests.xctest */;
			productType = "com.apple.product-type.bundle.ui-testing";
		};
/* End PBXNativeTarget section */

/* Begin PBXProject section */
		44B4E9142C7E6660006FE9D8 /* Project object */ = {
			isa = PBXProject;
			attributes = {
				BuildIndependentTargetsInParallel = 1;
				LastSwiftUpdateCheck = 1540;
				LastUpgradeCheck = 1540;
				TargetAttributes = {
					44B4E91B2C7E6660006FE9D8 = {
						CreatedOnToolsVersion = 15.4;
					};
					44B4E9342C7E6664006FE9D8 = {
						CreatedOnToolsVersion = 15.4;
						TestTargetID = 44B4E91B2C7E6660006FE9D8;
					};
					44B4E93E2C7E6664006FE9D8 = {
						CreatedOnToolsVersion = 15.4;
						TestTargetID = 44B4E91B2C7E6660006FE9D8;
					};
				};
			};
			buildConfigurationList = 44B4E9172C7E6660006FE9D8 /* Build configuration list for PBXProject "yournameApp" */;
			compatibilityVersion = "Xcode 14.0";
			developmentRegion = en;
			hasScannedForEncodings = 0;
			knownRegions = (
				en,
				Base,
			);
			mainGroup = 44B4E9132C7E6660006FE9D8;
			productRefGroup = 44B4E91D2C7E6660006FE9D8 /* Products */;
			projectDirPath = "";
			projectRoot = "";
			targets = (
				44B4E91B2C7E6660006FE9D8 /* yournameApp */,
				44B4E9342C7E6664006FE9D8 /* yournameAppTests */,
				44B4E93E2C7E6664006FE9D8 /* yournameAppUITests */,
			);
		};
/* End PBXProject section */

/* Begin PBXResourcesBuildPhase section */
		44B4E91A2C7E6660006FE9D8 /* Resources */ = {
			isa = PBXResourcesBuildPhase;
			buildActionMask = 2147483647;
			files = (
				44B4E9222C7E6660006FE9D8 /* GameScene.sks in Resources */,
				44B4E92B2C7E6660006FE9D8 /* Base in Resources */,
				44B4E92D2C7E6663006FE9D8 /* Assets.xcassets in Resources */,
				44B4E9242C7E6660006FE9D8 /* Actions.sks in Resources */,
				44B4E9302C7E6663006FE9D8 /* Base in Resources */,
			);
			runOnlyForDeploymentPostprocessing = 0;
		};
		44B4E9332C7E6664006FE9D8 /* Resources */ = {
			isa = PBXResourcesBuildPhase;
			buildActionMask = 2147483647;
			files = (
			);
			runOnlyForDeploymentPostprocessing = 0;
		};
		44B4E93D2C7E6664006FE9D8 /* Resources */ = {
			isa = PBXResourcesBuildPhase;
			buildActionMask = 2147483647;
			files = (
			);
			runOnlyForDeploymentPostprocessing = 0;
		};
/* End PBXResourcesBuildPhase section */

/* Begin PBXSourcesBuildPhase section */
		44B4E9182C7E6660006FE9D8 /* Sources */ = {
			isa = PBXSourcesBuildPhase;
			buildActionMask = 2147483647;
			files = (
				44B4E9262C7E6660006FE9D8 /* GameScene.swift in Sources */,
				44B4E9282C7E6660006FE9D8 /* GameViewController.swift in Sources */,
				44B4E9202C7E6660006FE9D8 /* AppDelegate.swift in Sources */,
			);
			runOnlyForDeploymentPostprocessing = 0;
		};
		44B4E9312C7E6664006FE9D8 /* Sources */ = {
			isa = PBXSourcesBuildPhase;
			buildActionMask = 2147483647;
			files = (
				44B4E93A2C7E6664006FE9D8 /* yournameAppTests.swift in Sources */,
			);
			runOnlyForDeploymentPostprocessing = 0;
		};
		44B4E93B2C7E6664006FE9D8 /* Sources */ = {
			isa = PBXSourcesBuildPhase;
			buildActionMask = 2147483647;
			files = (
				44B4E9462C7E6664006FE9D8 /* yournameAppUITestsLaunchTests.swift in Sources */,
				44B4E9442C7E6664006FE9D8 /* yournameAppUITests.swift in Sources */,
			);
			runOnlyForDeploymentPostprocessing = 0;
		};
/* End PBXSourcesBuildPhase section */

/* Begin PBXTargetDependency section */
		44B4E9372C7E6664006FE9D8 /* PBXTargetDependency */ = {
			isa = PBXTargetDependency;
			target = 44B4E91B2C7E6660006FE9D8 /* yournameApp */;
			targetProxy = 44B4E9362C7E6664006FE9D8 /* PBXContainerItemProxy */;
		};
		44B4E9412C7E6664006FE9D8 /* PBXTargetDependency */ = {
			isa = PBXTargetDependency;
			target = 44B4E91B2C7E6660006FE9D8 /* yournameApp */;
			targetProxy = 44B4E9402C7E6664006FE9D8 /* PBXContainerItemProxy */;
		};
/* End PBXTargetDependency section */

/* Begin PBXVariantGroup section */
		44B4E9292C7E6660006FE9D8 /* Main.storyboard */ = {
			isa = PBXVariantGroup;
			children = (
				44B4E92A2C7E6660006FE9D8 /* Base */,
			);
			name = Main.storyboard;
			sourceTree = "<group>";
		};
		44B4E92E2C7E6663006FE9D8 /* LaunchScreen.storyboard */ = {
			isa = PBXVariantGroup;
			children = (
				44B4E92F2C7E6663006FE9D8 /* Base */,
			);
			name = LaunchScreen.storyboard;
			sourceTree = "<group>";
		};
/* End PBXVariantGroup section */

/* Begin XCBuildConfiguration section */
		44B4E9472C7E6664006FE9D8 /* Debug */ = {
			isa = XCBuildConfiguration;
			buildSettings = {
				ALWAYS_SEARCH_USER_PATHS = NO;
				ASSETCATALOG_COMPILER_GENERATE_SWIFT_ASSET_SYMBOL_EXTENSIONS = YES;
				CLANG_ANALYZER_NONNULL = YES;
				CLANG_ANALYZER_NUMBER_OBJECT_CONVERSION = YES_AGGRESSIVE;
				CLANG_CXX_LANGUAGE_STANDARD = "gnu++20";
				CLANG_ENABLE_MODULES = YES;
				CLANG_ENABLE_OBJC_ARC = YES;
				CLANG_ENABLE_OBJC_WEAK = YES;
				CLANG_WARN_BLOCK_CAPTURE_AUTORELEASING = YES;
				CLANG_WARN_BOOL_CONVERSION = YES;
				CLANG_WARN_COMMA = YES;
				CLANG_WARN_CONSTANT_CONVERSION = YES;
				CLANG_WARN_DEPRECATED_OBJC_IMPLEMENTATIONS = YES;
				CLANG_WARN_DIRECT_OBJC_ISA_USAGE = YES_ERROR;
				CLANG_WARN_DOCUMENTATION_COMMENTS = YES;
				CLANG_WARN_EMPTY_BODY = YES;
				CLANG_WARN_ENUM_CONVERSION = YES;
				CLANG_WARN_INFINITE_RECURSION = YES;
				CLANG_WARN_INT_CONVERSION = YES;
				CLANG_WARN_NON_LITERAL_NULL_CONVERSION = YES;
				CLANG_WARN_OBJC_IMPLICIT_RETAIN_SELF = YES;
				CLANG_WARN_OBJC_LITERAL_CONVERSION = YES;
				CLANG_WARN_OBJC_ROOT_CLASS = YES_ERROR;
				CLANG_WARN_QUOTED_INCLUDE_IN_FRAMEWORK_HEADER = YES;
				CLANG_WARN_RANGE_LOOP_ANALYSIS = YES;
				CLANG_WARN_STRICT_PROTOTYPES = YES;
				CLANG_WARN_SUSPICIOUS_MOVE = YES;
				CLANG_WARN_UNGUARDED_AVAILABILITY = YES_AGGRESSIVE;
				CLANG_WARN_UNREACHABLE_CODE = YES;
				CLANG_WARN__DUPLICATE_METHOD_MATCH = YES;
				COPY_PHASE_STRIP = NO;
				DEBUG_INFORMATION_FORMAT = dwarf;
				ENABLE_STRICT_OBJC_MSGSEND = YES;
				ENABLE_TESTABILITY = YES;
				ENABLE_USER_SCRIPT_SANDBOXING = YES;
				GCC_C_LANGUAGE_STANDARD = gnu17;
				GCC_DYNAMIC_NO_PIC = NO;
				GCC_NO_COMMON_BLOCKS = YES;
				GCC_OPTIMIZATION_LEVEL = 0;
				GCC_PREPROCESSOR_DEFINITIONS = (
					"DEBUG=1",
					"$(inherited)",
				);
				GCC_WARN_64_TO_32_BIT_CONVERSION = YES;
				GCC_WARN_ABOUT_RETURN_TYPE = YES_ERROR;
				GCC_WARN_UNDECLARED_SELECTOR = YES;
				GCC_WARN_UNINITIALIZED_AUTOS = YES_AGGRESSIVE;
				GCC_WARN_UNUSED_FUNCTION = YES;
				GCC_WARN_UNUSED_VARIABLE = YES;
				IPHONEOS_DEPLOYMENT_TARGET = 17.5;
				LOCALIZATION_PREFERS_STRING_CATALOGS = YES;
				MTL_ENABLE_DEBUG_INFO = INCLUDE_SOURCE;
				MTL_FAST_MATH = YES;
				ONLY_ACTIVE_ARCH = YES;
				SDKROOT = iphoneos;
				SWIFT_ACTIVE_COMPILATION_CONDITIONS = "DEBUG $(inherited)";
				SWIFT_OPTIMIZATION_LEVEL = "-Onone";
			};
			name = Debug;
		};
		44B4E9482C7E6664006FE9D8 /* Release */ = {
			isa = XCBuildConfiguration;
			buildSettings = {
				ALWAYS_SEARCH_USER_PATHS = NO;
				ASSETCATALOG_COMPILER_GENERATE_SWIFT_ASSET_SYMBOL_EXTENSIONS = YES;
				CLANG_ANALYZER_NONNULL = YES;
				CLANG_ANALYZER_NUMBER_OBJECT_CONVERSION = YES_AGGRESSIVE;
				CLANG_CXX_LANGUAGE_STANDARD = "gnu++20";
				CLANG_ENABLE_MODULES = YES;
				CLANG_ENABLE_OBJC_ARC = YES;
				CLANG_ENABLE_OBJC_WEAK = YES;
				CLANG_WARN_BLOCK_CAPTURE_AUTORELEASING = YES;
				CLANG_WARN_BOOL_CONVERSION = YES;
				CLANG_WARN_COMMA = YES;
				CLANG_WARN_CONSTANT_CONVERSION = YES;
				CLANG_WARN_DEPRECATED_OBJC_IMPLEMENTATIONS = YES;
				CLANG_WARN_DIRECT_OBJC_ISA_USAGE = YES_ERROR;
				CLANG_WARN_DOCUMENTATION_COMMENTS = YES;
				CLANG_WARN_EMPTY_BODY = YES;
				CLANG_WARN_ENUM_CONVERSION = YES;
				CLANG_WARN_INFINITE_RECURSION = YES;
				CLANG_WARN_INT_CONVERSION = YES;
				CLANG_WARN_NON_LITERAL_NULL_CONVERSION = YES;
				CLANG_WARN_OBJC_IMPLICIT_RETAIN_SELF = YES;
				CLANG_WARN_OBJC_LITERAL_CONVERSION = YES;
				CLANG_WARN_OBJC_ROOT_CLASS = YES_ERROR;
				CLANG_WARN_QUOTED_INCLUDE_IN_FRAMEWORK_HEADER = YES;
				CLANG_WARN_RANGE_LOOP_ANALYSIS = YES;
				CLANG_WARN_STRICT_PROTOTYPES = YES;
				CLANG_WARN_SUSPICIOUS_MOVE = YES;
				CLANG_WARN_UNGUARDED_AVAILABILITY = YES_AGGRESSIVE;
				CLANG_WARN_UNREACHABLE_CODE = YES;
				CLANG_WARN__DUPLICATE_METHOD_MATCH = YES;
				COPY_PHASE_STRIP = NO;
				DEBUG_INFORMATION_FORMAT = "dwarf-with-dsym";
				ENABLE_NS_ASSERTIONS = NO;
				ENABLE_STRICT_OBJC_MSGSEND = YES;
				ENABLE_USER_SCRIPT_SANDBOXING = YES;
				GCC_C_LANGUAGE_STANDARD = gnu17;
				GCC_NO_COMMON_BLOCKS = YES;
				GCC_WARN_64_TO_32_BIT_CONVERSION = YES;
				GCC_WARN_ABOUT_RETURN_TYPE = YES_ERROR;
				GCC_WARN_UNDECLARED_SELECTOR = YES;
				GCC_WARN_UNINITIALIZED_AUTOS = YES_AGGRESSIVE;
				GCC_WARN_UNUSED_FUNCTION = YES;
				GCC_WARN_UNUSED_VARIABLE = YES;
				IPHONEOS_DEPLOYMENT_TARGET = 17.5;
				LOCALIZATION_PREFERS_STRING_CATALOGS = YES;
				MTL_ENABLE_DEBUG_INFO = NO;
				MTL_FAST_MATH = YES;
				SDKROOT = iphoneos;
				SWIFT_COMPILATION_MODE = wholemodule;
				VALIDATE_PRODUCT = YES;
			};
			name = Release;
		};
		44B4E94A2C7E6664006FE9D8 /* Debug */ = {
			isa = XCBuildConfiguration;
			buildSettings = {
				ASSETCATALOG_COMPILER_APPICON_NAME = AppIcon;
				ASSETCATALOG_COMPILER_GLOBAL_ACCENT_COLOR_NAME = AccentColor;
				CODE_SIGN_STYLE = Automatic;
				CURRENT_PROJECT_VERSION = 1;
				GENERATE_INFOPLIST_FILE = YES;
				INFOPLIST_KEY_UIApplicationSupportsIndirectInputEvents = YES;
				INFOPLIST_KEY_UILaunchStoryboardName = LaunchScreen;
				INFOPLIST_KEY_UIMainStoryboardFile = Main;
				INFOPLIST_KEY_UIStatusBarHidden = YES;
				INFOPLIST_KEY_UISupportedInterfaceOrientations_iPad = "UIInterfaceOrientationPortrait UIInterfaceOrientationPortraitUpsideDown UIInterfaceOrientationLandscapeLeft UIInterfaceOrientationLandscapeRight";
				INFOPLIST_KEY_UISupportedInterfaceOrientations_iPhone = "UIInterfaceOrientationPortrait UIInterfaceOrientationLandscapeLeft UIInterfaceOrientationLandscapeRight";
				LD_RUNPATH_SEARCH_PATHS = (
					"$(inherited)",
					"@executable_path/Frameworks",
				);
				MARKETING_VERSION = 1.0;
				PRODUCT_BUNDLE_IDENTIFIER = toto.yournameApp;
				PRODUCT_NAME = "$(TARGET_NAME)";
				SWIFT_EMIT_LOC_STRINGS = YES;
				SWIFT_VERSION = 5.0;
				TARGETED_DEVICE_FAMILY = "1,2";
			};
			name = Debug;
		};
		44B4E94B2C7E6664006FE9D8 /* Release */ = {
			isa = XCBuildConfiguration;
			buildSettings = {
				ASSETCATALOG_COMPILER_APPICON_NAME = AppIcon;
				ASSETCATALOG_COMPILER_GLOBAL_ACCENT_COLOR_NAME = AccentColor;
				CODE_SIGN_STYLE = Automatic;
				CURRENT_PROJECT_VERSION = 1;
				GENERATE_INFOPLIST_FILE = YES;
				INFOPLIST_KEY_UIApplicationSupportsIndirectInputEvents = YES;
				INFOPLIST_KEY_UILaunchStoryboardName = LaunchScreen;
				INFOPLIST_KEY_UIMainStoryboardFile = Main;
				INFOPLIST_KEY_UIStatusBarHidden = YES;
				INFOPLIST_KEY_UISupportedInterfaceOrientations_iPad = "UIInterfaceOrientationPortrait UIInterfaceOrientationPortraitUpsideDown UIInterfaceOrientationLandscapeLeft UIInterfaceOrientationLandscapeRight";
				INFOPLIST_KEY_UISupportedInterfaceOrientations_iPhone = "UIInterfaceOrientationPortrait UIInterfaceOrientationLandscapeLeft UIInterfaceOrientationLandscapeRight";
				LD_RUNPATH_SEARCH_PATHS = (
					"$(inherited)",
					"@executable_path/Frameworks",
				);
				MARKETING_VERSION = 1.0;
				PRODUCT_BUNDLE_IDENTIFIER = toto.yournameApp;
				PRODUCT_NAME = "$(TARGET_NAME)";
				SWIFT_EMIT_LOC_STRINGS = YES;
				SWIFT_VERSION = 5.0;
				TARGETED_DEVICE_FAMILY = "1,2";
			};
			name = Release;
		};
		44B4E94D2C7E6664006FE9D8 /* Debug */ = {
			isa = XCBuildConfiguration;
			buildSettings = {
				ALWAYS_EMBED_SWIFT_STANDARD_LIBRARIES = YES;
				BUNDLE_LOADER = "$(TEST_HOST)";
				CODE_SIGN_STYLE = Automatic;
				CURRENT_PROJECT_VERSION = 1;
				GENERATE_INFOPLIST_FILE = YES;
				IPHONEOS_DEPLOYMENT_TARGET = 17.5;
				MARKETING_VERSION = 1.0;
				PRODUCT_BUNDLE_IDENTIFIER = toto.yournameAppTests;
				PRODUCT_NAME = "$(TARGET_NAME)";
				SWIFT_EMIT_LOC_STRINGS = NO;
				SWIFT_VERSION = 5.0;
				TARGETED_DEVICE_FAMILY = "1,2";
				TEST_HOST = "$(BUILT_PRODUCTS_DIR)/yournameApp.app/$(BUNDLE_EXECUTABLE_FOLDER_PATH)/yournameApp";
			};
			name = Debug;
		};
		44B4E94E2C7E6664006FE9D8 /* Release */ = {
			isa = XCBuildConfiguration;
			buildSettings = {
				ALWAYS_EMBED_SWIFT_STANDARD_LIBRARIES = YES;
				BUNDLE_LOADER = "$(TEST_HOST)";
				CODE_SIGN_STYLE = Automatic;
				CURRENT_PROJECT_VERSION = 1;
				GENERATE_INFOPLIST_FILE = YES;
				IPHONEOS_DEPLOYMENT_TARGET = 17.5;
				MARKETING_VERSION = 1.0;
				PRODUCT_BUNDLE_IDENTIFIER = toto.yournameAppTests;
				PRODUCT_NAME = "$(TARGET_NAME)";
				SWIFT_EMIT_LOC_STRINGS = NO;
				SWIFT_VERSION = 5.0;
				TARGETED_DEVICE_FAMILY = "1,2";
				TEST_HOST = "$(BUILT_PRODUCTS_DIR)/yournameApp.app/$(BUNDLE_EXECUTABLE_FOLDER_PATH)/yournameApp";
			};
			name = Release;
		};
		44B4E9502C7E6664006FE9D8 /* Debug */ = {
			isa = XCBuildConfiguration;
			buildSettings = {
				ALWAYS_EMBED_SWIFT_STANDARD_LIBRARIES = YES;
				CODE_SIGN_STYLE = Automatic;
				CURRENT_PROJECT_VERSION = 1;
				GENERATE_INFOPLIST_FILE = YES;
				MARKETING_VERSION = 1.0;
				PRODUCT_BUNDLE_IDENTIFIER = toto.yournameAppUITests;
				PRODUCT_NAME = "$(TARGET_NAME)";
				SWIFT_EMIT_LOC_STRINGS = NO;
				SWIFT_VERSION = 5.0;
				TARGETED_DEVICE_FAMILY = "1,2";
				TEST_TARGET_NAME = yournameApp;
			};
			name = Debug;
		};
		44B4E9512C7E6664006FE9D8 /* Release */ = {
			isa = XCBuildConfiguration;
			buildSettings = {
				ALWAYS_EMBED_SWIFT_STANDARD_LIBRARIES = YES;
				CODE_SIGN_STYLE = Automatic;
				CURRENT_PROJECT_VERSION = 1;
				GENERATE_INFOPLIST_FILE = YES;
				MARKETING_VERSION = 1.0;
				PRODUCT_BUNDLE_IDENTIFIER = toto.yournameAppUITests;
				PRODUCT_NAME = "$(TARGET_NAME)";
				SWIFT_EMIT_LOC_STRINGS = NO;
				SWIFT_VERSION = 5.0;
				TARGETED_DEVICE_FAMILY = "1,2";
				TEST_TARGET_NAME = yournameApp;
			};
			name = Release;
		};
/* End XCBuildConfiguration section */

/* Begin XCConfigurationList section */
		44B4E9172C7E6660006FE9D8 /* Build configuration list for PBXProject "yournameApp" */ = {
			isa = XCConfigurationList;
			buildConfigurations = (
				44B4E9472C7E6664006FE9D8 /* Debug */,
				44B4E9482C7E6664006FE9D8 /* Release */,
			);
			defaultConfigurationIsVisible = 0;
			defaultConfigurationName = Release;
		};
		44B4E9492C7E6664006FE9D8 /* Build configuration list for PBXNativeTarget "yournameApp" */ = {
			isa = XCConfigurationList;
			buildConfigurations = (
				44B4E94A2C7E6664006FE9D8 /* Debug */,
				44B4E94B2C7E6664006FE9D8 /* Release */,
			);
			defaultConfigurationIsVisible = 0;
			defaultConfigurationName = Release;
		};
		44B4E94C2C7E6664006FE9D8 /* Build configuration list for PBXNativeTarget "yournameAppTests" */ = {
			isa = XCConfigurationList;
			buildConfigurations = (
				44B4E94D2C7E6664006FE9D8 /* Debug */,
				44B4E94E2C7E6664006FE9D8 /* Release */,
			);
			defaultConfigurationIsVisible = 0;
			defaultConfigurationName = Release;
		};
		44B4E94F2C7E6664006FE9D8 /* Build configuration list for PBXNativeTarget "yournameAppUITests" */ = {
			isa = XCConfigurationList;
			buildConfigurations = (
				44B4E9502C7E6664006FE9D8 /* Debug */,
				44B4E9512C7E6664006FE9D8 /* Release */,
			);
			defaultConfigurationIsVisible = 0;
			defaultConfigurationName = Release;
		};
/* End XCConfigurationList section */
	};
	rootObject = 44B4E9142C7E6660006FE9D8 /* Project object */;
}
